
Microsoft Visual Studio Solution File, Format Version 12.00
# Visual Studio Version 17
VisualStudioVersion = 17.9.34728.123
MinimumVisualStudioVersion = 10.0.40219.1
Project("{FAE04EC0-301F-11D3-BF4B-00C04F79EFBC}") = "Virtual Pet characterstics", "Virtual Pet characterstics\Virtual Pet characterstics.csproj", "{119520EA-4436-4173-820A-CC1CB2C5C9D2}"
EndProject
Global
	GlobalSection(SolutionConfigurationPlatforms) = preSolution
		Debug|Any CPU = Debug|Any CPU
		Release|Any CPU = Release|Any CPU
	EndGlobalSection
	GlobalSection(ProjectConfigurationPlatforms) = postSolution
		{119520EA-4436-4173-820A-CC1CB2C5C9D2}.Debug|Any CPU.ActiveCfg = Debug|Any CPU
		{119520EA-4436-4173-820A-CC1CB2C5C9D2}.Debug|Any CPU.Build.0 = Debug|Any CPU
		{119520EA-4436-4173-820A-CC1CB2C5C9D2}.Release|Any CPU.ActiveCfg = Release|Any CPU
		{119520EA-4436-4173-820A-CC1CB2C5C9D2}.Release|Any CPU.Build.0 = Release|Any CPU
	EndGlobalSection
	GlobalSection(SolutionProperties) = preSolution
		HideSolutionNode = FALSE
	EndGlobalSection
	GlobalSection(ExtensibilityGlobals) = postSolution
		SolutionGuid = {B57551F3-4967-4DE8-BDC8-A24969C63EE1}
	EndGlobalSection
EndGlobal
